
Microsoft Visual Studio Solution File, Format Version 12.00
# Visual Studio Version 17
VisualStudioVersion = 17.0.32014.148
MinimumVisualStudioVersion = 10.0.40219.1
Project("{2150E333-8FDC-42A3-9474-1A3956D46DE8}") = "Services", "Services", "{E168AA17-BABB-4ACA-8AA6-4F8B84EDCB3E}"
EndProject
Project("{2150E333-8FDC-42A3-9474-1A3956D46DE8}") = "Catalog", "Catalog", "{27E4B656-A59E-4CF3-8473-8842AAF32843}"
EndProject
Project("{9A19103F-16F7-4668-BE54-9A1E7A4F7556}") = "Catalog.API", "Services\Catalog\Catalog.API\Catalog.API.csproj", "{BD192F93-B2F3-4C4C-8C88-8019CE1EECF6}"
EndProject
Project("{E53339B2-1760-4266-BCC7-CA923CBCF16C}") = "docker-compose", "docker-compose.dcproj", "{9F8B9496-76F4-4ED9-9AAD-7DBB7BF56C95}"
EndProject
Project("{2150E333-8FDC-42A3-9474-1A3956D46DE8}") = "Basket", "Basket", "{E2A9EF18-6C6A-4D2C-AA56-FAEBD077F5D6}"
EndProject
Project("{FAE04EC0-301F-11D3-BF4B-00C04F79EFBC}") = "Basket.API", "Services\Basket\Basket.API\Basket.API.csproj", "{5D02B279-633E-42E8-8A17-1F61E43A4499}"
EndProject
Project("{2150E333-8FDC-42A3-9474-1A3956D46DE8}") = "Discount", "Discount", "{E7F8002C-D1EE-4FDA-9A38-363528D8B1BC}"
EndProject
Project("{2150E333-8FDC-42A3-9474-1A3956D46DE8}") = "Discount", "Discount", "{52925BC4-60C7-4663-BB57-BD343D686D8A}"
EndProject
Project("{FAE04EC0-301F-11D3-BF4B-00C04F79EFBC}") = "Discount.API", "Services\Discount\Discount.API\Discount.API.csproj", "{055E2118-580B-4A5E-AC98-9B056FCCB487}"
EndProject
Global
	GlobalSection(SolutionConfigurationPlatforms) = preSolution
		Debug|Any CPU = Debug|Any CPU
		Release|Any CPU = Release|Any CPU
	EndGlobalSection
	GlobalSection(ProjectConfigurationPlatforms) = postSolution
		{BD192F93-B2F3-4C4C-8C88-8019CE1EECF6}.Debug|Any CPU.ActiveCfg = Debug|Any CPU
		{BD192F93-B2F3-4C4C-8C88-8019CE1EECF6}.Debug|Any CPU.Build.0 = Debug|Any CPU
		{BD192F93-B2F3-4C4C-8C88-8019CE1EECF6}.Release|Any CPU.ActiveCfg = Release|Any CPU
		{BD192F93-B2F3-4C4C-8C88-8019CE1EECF6}.Release|Any CPU.Build.0 = Release|Any CPU
		{9F8B9496-76F4-4ED9-9AAD-7DBB7BF56C95}.Debug|Any CPU.ActiveCfg = Debug|Any CPU
		{9F8B9496-76F4-4ED9-9AAD-7DBB7BF56C95}.Debug|Any CPU.Build.0 = Debug|Any CPU
		{9F8B9496-76F4-4ED9-9AAD-7DBB7BF56C95}.Release|Any CPU.ActiveCfg = Release|Any CPU
		{9F8B9496-76F4-4ED9-9AAD-7DBB7BF56C95}.Release|Any CPU.Build.0 = Release|Any CPU
		{5D02B279-633E-42E8-8A17-1F61E43A4499}.Debug|Any CPU.ActiveCfg = Debug|Any CPU
		{5D02B279-633E-42E8-8A17-1F61E43A4499}.Debug|Any CPU.Build.0 = Debug|Any CPU
		{5D02B279-633E-42E8-8A17-1F61E43A4499}.Release|Any CPU.ActiveCfg = Release|Any CPU
		{5D02B279-633E-42E8-8A17-1F61E43A4499}.Release|Any CPU.Build.0 = Release|Any CPU
		{055E2118-580B-4A5E-AC98-9B056FCCB487}.Debug|Any CPU.ActiveCfg = Debug|Any CPU
		{055E2118-580B-4A5E-AC98-9B056FCCB487}.Debug|Any CPU.Build.0 = Debug|Any CPU
		{055E2118-580B-4A5E-AC98-9B056FCCB487}.Release|Any CPU.ActiveCfg = Release|Any CPU
		{055E2118-580B-4A5E-AC98-9B056FCCB487}.Release|Any CPU.Build.0 = Release|Any CPU
	EndGlobalSection
	GlobalSection(SolutionProperties) = preSolution
		HideSolutionNode = FALSE
	EndGlobalSection
	GlobalSection(NestedProjects) = preSolution
		{27E4B656-A59E-4CF3-8473-8842AAF32843} = {E168AA17-BABB-4ACA-8AA6-4F8B84EDCB3E}
		{BD192F93-B2F3-4C4C-8C88-8019CE1EECF6} = {27E4B656-A59E-4CF3-8473-8842AAF32843}
		{E2A9EF18-6C6A-4D2C-AA56-FAEBD077F5D6} = {E168AA17-BABB-4ACA-8AA6-4F8B84EDCB3E}
		{5D02B279-633E-42E8-8A17-1F61E43A4499} = {E2A9EF18-6C6A-4D2C-AA56-FAEBD077F5D6}
		{E7F8002C-D1EE-4FDA-9A38-363528D8B1BC} = {E168AA17-BABB-4ACA-8AA6-4F8B84EDCB3E}
		{52925BC4-60C7-4663-BB57-BD343D686D8A} = {E7F8002C-D1EE-4FDA-9A38-363528D8B1BC}
		{055E2118-580B-4A5E-AC98-9B056FCCB487} = {52925BC4-60C7-4663-BB57-BD343D686D8A}
	EndGlobalSection
	GlobalSection(ExtensibilityGlobals) = postSolution
		SolutionGuid = {1FED6796-D28E-491F-858B-29B999D3ACF9}
	EndGlobalSection
EndGlobal
